
Microsoft Visual Studio Solution File, Format Version 12.00
# Visual Studio Version 17
VisualStudioVersion = 17.8.34330.188
MinimumVisualStudioVersion = 10.0.40219.1
Project("{FAE04EC0-301F-11D3-BF4B-00C04F79EFBC}") = "MauiApp1", "MauiApp1\MauiApp1.csproj", "{673F3EAD-5FAA-46F2-B616-FFF37C213F5D}"
EndProject
Global
	GlobalSection(SolutionConfigurationPlatforms) = preSolution
		Debug|Any CPU = Debug|Any CPU
		Release|Any CPU = Release|Any CPU
	EndGlobalSection
	GlobalSection(ProjectConfigurationPlatforms) = postSolution
		{673F3EAD-5FAA-46F2-B616-FFF37C213F5D}.Debug|Any CPU.ActiveCfg = Debug|Any CPU
		{673F3EAD-5FAA-46F2-B616-FFF37C213F5D}.Debug|Any CPU.Build.0 = Debug|Any CPU
		{673F3EAD-5FAA-46F2-B616-FFF37C213F5D}.Debug|Any CPU.Deploy.0 = Debug|Any CPU
		{673F3EAD-5FAA-46F2-B616-FFF37C213F5D}.Release|Any CPU.ActiveCfg = Release|Any CPU
		{673F3EAD-5FAA-46F2-B616-FFF37C213F5D}.Release|Any CPU.Build.0 = Release|Any CPU
		{673F3EAD-5FAA-46F2-B616-FFF37C213F5D}.Release|Any CPU.Deploy.0 = Release|Any CPU
	EndGlobalSection
	GlobalSection(SolutionProperties) = preSolution
		HideSolutionNode = FALSE
	EndGlobalSection
	GlobalSection(ExtensibilityGlobals) = postSolution
		SolutionGuid = {40D58AE2-470D-4EB5-894B-07E542DB4550}
	EndGlobalSection
EndGlobal
